// !$*UTF8*$!
{
	archiveVersion = 1;
	classes = {
	};
	objectVersion = 50;
	objects = {

/* Begin PBXBuildFile section */
		41D8CDE023EA9FF9007CD9B8 /* AppDelegate.swift in Sources */ = {isa = PBXBuildFile; fileRef = 41D8CDDF23EA9FF9007CD9B8 /* AppDelegate.swift */; };
		41D8CDE223EA9FF9007CD9B8 /* SceneDelegate.swift in Sources */ = {isa = PBXBuildFile; fileRef = 41D8CDE123EA9FF9007CD9B8 /* SceneDelegate.swift */; };
		41D8CDE423EA9FF9007CD9B8 /* ViewController.swift in Sources */ = {isa = PBXBuildFile; fileRef = 41D8CDE323EA9FF9007CD9B8 /* ViewController.swift */; };
		41D8CDE723EA9FF9007CD9B8 /* Main.storyboard in Resources */ = {isa = PBXBuildFile; fileRef = 41D8CDE523EA9FF9007CD9B8 /* Main.storyboard */; };
		41D8CDE923EA9FFC007CD9B8 /* Assets.xcassets in Resources */ = {isa = PBXBuildFile; fileRef = 41D8CDE823EA9FFC007CD9B8 /* Assets.xcassets */; };
		41D8CDEC23EA9FFC007CD9B8 /* LaunchScreen.storyboard in Resources */ = {isa = PBXBuildFile; fileRef = 41D8CDEA23EA9FFC007CD9B8 /* LaunchScreen.storyboard */; };
		41D8CDF523EAC6E1007CD9B8 /* RAMConcentration.swift in Sources */ = {isa = PBXBuildFile; fileRef = 41D8CDF423EAC6E1007CD9B8 /* RAMConcentration.swift */; };
		41D8CDF723EAC72D007CD9B8 /* RAMCard.swift in Sources */ = {isa = PBXBuildFile; fileRef = 41D8CDF623EAC72D007CD9B8 /* RAMCard.swift */; };
/* End PBXBuildFile section */

/* Begin PBXFileReference section */
		41D8CDDC23EA9FF9007CD9B8 /* RAMConcentration.app */ = {isa = PBXFileReference; explicitFileType = wrapper.application; includeInIndex = 0; path = RAMConcentration.app; sourceTree = BUILT_PRODUCTS_DIR; };
		41D8CDDF23EA9FF9007CD9B8 /* AppDelegate.swift */ = {isa = PBXFileReference; lastKnownFileType = sourcecode.swift; path = AppDelegate.swift; sourceTree = "<group>"; };
		41D8CDE123EA9FF9007CD9B8 /* SceneDelegate.swift */ = {isa = PBXFileReference; lastKnownFileType = sourcecode.swift; path = SceneDelegate.swift; sourceTree = "<group>"; };
		41D8CDE323EA9FF9007CD9B8 /* ViewController.swift */ = {isa = PBXFileReference; lastKnownFileType = sourcecode.swift; path = ViewController.swift; sourceTree = "<group>"; };
		41D8CDE623EA9FF9007CD9B8 /* Base */ = {isa = PBXFileReference; lastKnownFileType = file.storyboard; name = Base; path = Base.lproj/Main.storyboard; sourceTree = "<group>"; };
		41D8CDE823EA9FFC007CD9B8 /* Assets.xcassets */ = {isa = PBXFileReference; lastKnownFileType = folder.assetcatalog; path = Assets.xcassets; sourceTree = "<group>"; };
		41D8CDEB23EA9FFC007CD9B8 /* Base */ = {isa = PBXFileReference; lastKnownFileType = file.storyboard; name = Base; path = Base.lproj/LaunchScreen.storyboard; sourceTree = "<group>"; };
		41D8CDED23EA9FFC007CD9B8 /* Info.plist */ = {isa = PBXFileReference; lastKnownFileType = text.plist.xml; path = Info.plist; sourceTree = "<group>"; };
		41D8CDF423EAC6E1007CD9B8 /* RAMConcentration.swift */ = {isa = PBXFileReference; lastKnownFileType = sourcecode.swift; path = RAMConcentration.swift; sourceTree = "<group>"; };
		41D8CDF623EAC72D007CD9B8 /* RAMCard.swift */ = {isa = PBXFileReference; lastKnownFileType = sourcecode.swift; path = RAMCard.swift; sourceTree = "<group>"; };
/* End PBXFileReference section */

/* Begin PBXFrameworksBuildPhase section */
		41D8CDD923EA9FF9007CD9B8 /* Frameworks */ = {
			isa = PBXFrameworksBuildPhase;
			buildActionMask = 2147483647;
			files = (
			);
			runOnlyForDeploymentPostprocessing = 0;
		};
/* End PBXFrameworksBuildPhase section */

/* Begin PBXGroup section */
		41D8CDD323EA9FF8007CD9B8 = {
			isa = PBXGroup;
			children = (
				41D8CDDE23EA9FF9007CD9B8 /* RAMConcentration */,
				41D8CDDD23EA9FF9007CD9B8 /* Products */,
			);
			sourceTree = "<group>";
		};
		41D8CDDD23EA9FF9007CD9B8 /* Products */ = {
			isa = PBXGroup;
			children = (
				41D8CDDC23EA9FF9007CD9B8 /* RAMConcentration.app */,
			);
			name = Products;
			sourceTree = "<group>";
		};
		41D8CDDE23EA9FF9007CD9B8 /* RAMConcentration */ = {
			isa = PBXGroup;
			children = (
				41D8CDE323EA9FF9007CD9B8 /* ViewController.swift */,
				41D8CDE523EA9FF9007CD9B8 /* Main.storyboard */,
				41D8CDF423EAC6E1007CD9B8 /* RAMConcentration.swift */,
				41D8CDF623EAC72D007CD9B8 /* RAMCard.swift */,
				41D8CDF323EAA216007CD9B8 /* Supporting Files */,
				41D8CDED23EA9FFC007CD9B8 /* Info.plist */,
			);
			path = RAMConcentration;
			sourceTree = "<group>";
		};
		41D8CDF323EAA216007CD9B8 /* Supporting Files */ = {
			isa = PBXGroup;
			children = (
				41D8CDDF23EA9FF9007CD9B8 /* AppDelegate.swift */,
				41D8CDE123EA9FF9007CD9B8 /* SceneDelegate.swift */,
				41D8CDE823EA9FFC007CD9B8 /* Assets.xcassets */,
				41D8CDEA23EA9FFC007CD9B8 /* LaunchScreen.storyboard */,
			);
			path = "Supporting Files";
			sourceTree = "<group>";
		};
/* End PBXGroup section */

/* Begin PBXNativeTarget section */
		41D8CDDB23EA9FF9007CD9B8 /* RAMConcentration */ = {
			isa = PBXNativeTarget;
			buildConfigurationList = 41D8CDF023EA9FFC007CD9B8 /* Build configuration list for PBXNativeTarget "RAMConcentration" */;
			buildPhases = (
				41D8CDD823EA9FF9007CD9B8 /* Sources */,
				41D8CDD923EA9FF9007CD9B8 /* Frameworks */,
				41D8CDDA23EA9FF9007CD9B8 /* Resources */,
			);
			buildRules = (
			);
			dependencies = (
			);
			name = RAMConcentration;
			productName = RAMConcentration;
			productReference = 41D8CDDC23EA9FF9007CD9B8 /* RAMConcentration.app */;
			productType = "com.apple.product-type.application";
		};
/* End PBXNativeTarget section */

/* Begin PBXProject section */
		41D8CDD423EA9FF8007CD9B8 /* Project object */ = {
			isa = PBXProject;
			attributes = {
				LastSwiftUpdateCheck = 1130;
				LastUpgradeCheck = 1130;
				ORGANIZATIONNAME = rambo;
				TargetAttributes = {
					41D8CDDB23EA9FF9007CD9B8 = {
						CreatedOnToolsVersion = 11.3;
					};
				};
			};
			buildConfigurationList = 41D8CDD723EA9FF8007CD9B8 /* Build configuration list for PBXProject "RAMConcentration" */;
			compatibilityVersion = "Xcode 9.3";
			developmentRegion = en;
			hasScannedForEncodings = 0;
			knownRegions = (
				en,
				Base,
			);
			mainGroup = 41D8CDD323EA9FF8007CD9B8;
			productRefGroup = 41D8CDDD23EA9FF9007CD9B8 /* Products */;
			projectDirPath = "";
			projectRoot = "";
			targets = (
				41D8CDDB23EA9FF9007CD9B8 /* RAMConcentration */,
			);
		};
/* End PBXProject section */

/* Begin PBXResourcesBuildPhase section */
		41D8CDDA23EA9FF9007CD9B8 /* Resources */ = {
			isa = PBXResourcesBuildPhase;
			buildActionMask = 2147483647;
			files = (
				41D8CDEC23EA9FFC007CD9B8 /* LaunchScreen.storyboard in Resources */,
				41D8CDE923EA9FFC007CD9B8 /* Assets.xcassets in Resources */,
				41D8CDE723EA9FF9007CD9B8 /* Main.storyboard in Resources */,
			);
			runOnlyForDeploymentPostprocessing = 0;
		};
/* End PBXResourcesBuildPhase section */

/* Begin PBXSourcesBuildPhase section */
		41D8CDD823EA9FF9007CD9B8 /* Sources */ = {
			isa = PBXSourcesBuildPhase;
			buildActionMask = 2147483647;
			files = (
				41D8CDF523EAC6E1007CD9B8 /* RAMConcentration.swift in Sources */,
				41D8CDF723EAC72D007CD9B8 /* RAMCard.swift in Sources */,
				41D8CDE423EA9FF9007CD9B8 /* ViewController.swift in Sources */,
				41D8CDE023EA9FF9007CD9B8 /* AppDelegate.swift in Sources */,
				41D8CDE223EA9FF9007CD9B8 /* SceneDelegate.swift in Sources */,
			);
			runOnlyForDeploymentPostprocessing = 0;
		};
/* End PBXSourcesBuildPhase section */

/* Begin PBXVariantGroup section */
		41D8CDE523EA9FF9007CD9B8 /* Main.storyboard */ = {
			isa = PBXVariantGroup;
			children = (
				41D8CDE623EA9FF9007CD9B8 /* Base */,
			);
			name = Main.storyboard;
			sourceTree = "<group>";
		};
		41D8CDEA23EA9FFC007CD9B8 /* LaunchScreen.storyboard */ = {
			isa = PBXVariantGroup;
			children = (
				41D8CDEB23EA9FFC007CD9B8 /* Base */,
			);
			name = LaunchScreen.storyboard;
			sourceTree = "<group>";
		};
/* End PBXVariantGroup section */

/* Begin XCBuildConfiguration section */
		41D8CDEE23EA9FFC007CD9B8 /* Debug */ = {
			isa = XCBuildConfiguration;
			buildSettings = {
				ALWAYS_SEARCH_USER_PATHS = NO;
				CLANG_ANALYZER_NONNULL = YES;
				CLANG_ANALYZER_NUMBER_OBJECT_CONVERSION = YES_AGGRESSIVE;
				CLANG_CXX_LANGUAGE_STANDARD = "gnu++14";
				CLANG_CXX_LIBRARY = "libc++";
				CLANG_ENABLE_MODULES = YES;
				CLANG_ENABLE_OBJC_ARC = YES;
				CLANG_ENABLE_OBJC_WEAK = YES;
				CLANG_WARN_BLOCK_CAPTURE_AUTORELEASING = YES;
				CLANG_WARN_BOOL_CONVERSION = YES;
				CLANG_WARN_COMMA = YES;
				CLANG_WARN_CONSTANT_CONVERSION = YES;
				CLANG_WARN_DEPRECATED_OBJC_IMPLEMENTATIONS = YES;
				CLANG_WARN_DIRECT_OBJC_ISA_USAGE = YES_ERROR;
				CLANG_WARN_DOCUMENTATION_COMMENTS = YES;
				CLANG_WARN_EMPTY_BODY = YES;
				CLANG_WARN_ENUM_CONVERSION = YES;
				CLANG_WARN_INFINITE_RECURSION = YES;
				CLANG_WARN_INT_CONVERSION = YES;
				CLANG_WARN_NON_LITERAL_NULL_CONVERSION = YES;
				CLANG_WARN_OBJC_IMPLICIT_RETAIN_SELF = YES;
				CLANG_WARN_OBJC_LITERAL_CONVERSION = YES;
				CLANG_WARN_OBJC_ROOT_CLASS = YES_ERROR;
				CLANG_WARN_RANGE_LOOP_ANALYSIS = YES;
				CLANG_WARN_STRICT_PROTOTYPES = YES;
				CLANG_WARN_SUSPICIOUS_MOVE = YES;
				CLANG_WARN_UNGUARDED_AVAILABILITY = YES_AGGRESSIVE;
				CLANG_WARN_UNREACHABLE_CODE = YES;
				CLANG_WARN__DUPLICATE_METHOD_MATCH = YES;
				COPY_PHASE_STRIP = NO;
				DEBUG_INFORMATION_FORMAT = dwarf;
				ENABLE_STRICT_OBJC_MSGSEND = YES;
				ENABLE_TESTABILITY = YES;
				GCC_C_LANGUAGE_STANDARD = gnu11;
				GCC_DYNAMIC_NO_PIC = NO;
				GCC_NO_COMMON_BLOCKS = YES;
				GCC_OPTIMIZATION_LEVEL = 0;
				GCC_PREPROCESSOR_DEFINITIONS = (
					"DEBUG=1",
					"$(inherited)",
				);
				GCC_WARN_64_TO_32_BIT_CONVERSION = YES;
				GCC_WARN_ABOUT_RETURN_TYPE = YES_ERROR;
				GCC_WARN_UNDECLARED_SELECTOR = YES;
				GCC_WARN_UNINITIALIZED_AUTOS = YES_AGGRESSIVE;
				GCC_WARN_UNUSED_FUNCTION = YES;
				GCC_WARN_UNUSED_VARIABLE = YES;
				IPHONEOS_DEPLOYMENT_TARGET = 13.2;
				MTL_ENABLE_DEBUG_INFO = INCLUDE_SOURCE;
				MTL_FAST_MATH = YES;
				ONLY_ACTIVE_ARCH = YES;
				SDKROOT = iphoneos;
				SWIFT_ACTIVE_COMPILATION_CONDITIONS = DEBUG;
				SWIFT_OPTIMIZATION_LEVEL = "-Onone";
			};
			name = Debug;
		};
		41D8CDEF23EA9FFC007CD9B8 /* Release */ = {
			isa = XCBuildConfiguration;
			buildSettings = {
				ALWAYS_SEARCH_USER_PATHS = NO;
				CLANG_ANALYZER_NONNULL = YES;
				CLANG_ANALYZER_NUMBER_OBJECT_CONVERSION = YES_AGGRESSIVE;
				CLANG_CXX_LANGUAGE_STANDARD = "gnu++14";
				CLANG_CXX_LIBRARY = "libc++";
				CLANG_ENABLE_MODULES = YES;
				CLANG_ENABLE_OBJC_ARC = YES;
				CLANG_ENABLE_OBJC_WEAK = YES;
				CLANG_WARN_BLOCK_CAPTURE_AUTORELEASING = YES;
				CLANG_WARN_BOOL_CONVERSION = YES;
				CLANG_WARN_COMMA = YES;
				CLANG_WARN_CONSTANT_CONVERSION = YES;
				CLANG_WARN_DEPRECATED_OBJC_IMPLEMENTATIONS = YES;
				CLANG_WARN_DIRECT_OBJC_ISA_USAGE = YES_ERROR;
				CLANG_WARN_DOCUMENTATION_COMMENTS = YES;
				CLANG_WARN_EMPTY_BODY = YES;
				CLANG_WARN_ENUM_CONVERSION = YES;
				CLANG_WARN_INFINITE_RECURSION = YES;
				CLANG_WARN_INT_CONVERSION = YES;
				CLANG_WARN_NON_LITERAL_NULL_CONVERSION = YES;
				CLANG_WARN_OBJC_IMPLICIT_RETAIN_SELF = YES;
				CLANG_WARN_OBJC_LITERAL_CONVERSION = YES;
				CLANG_WARN_OBJC_ROOT_CLASS = YES_ERROR;
				CLANG_WARN_RANGE_LOOP_ANALYSIS = YES;
				CLANG_WARN_STRICT_PROTOTYPES = YES;
				CLANG_WARN_SUSPICIOUS_MOVE = YES;
				CLANG_WARN_UNGUARDED_AVAILABILITY = YES_AGGRESSIVE;
				CLANG_WARN_UNREACHABLE_CODE = YES;
				CLANG_WARN__DUPLICATE_METHOD_MATCH = YES;
				COPY_PHASE_STRIP = NO;
				DEBUG_INFORMATION_FORMAT = "dwarf-with-dsym";
				ENABLE_NS_ASSERTIONS = NO;
				ENABLE_STRICT_OBJC_MSGSEND = YES;
				GCC_C_LANGUAGE_STANDARD = gnu11;
				GCC_NO_COMMON_BLOCKS = YES;
				GCC_WARN_64_TO_32_BIT_CONVERSION = YES;
				GCC_WARN_ABOUT_RETURN_TYPE = YES_ERROR;
				GCC_WARN_UNDECLARED_SELECTOR = YES;
				GCC_WARN_UNINITIALIZED_AUTOS = YES_AGGRESSIVE;
				GCC_WARN_UNUSED_FUNCTION = YES;
				GCC_WARN_UNUSED_VARIABLE = YES;
				IPHONEOS_DEPLOYMENT_TARGET = 13.2;
				MTL_ENABLE_DEBUG_INFO = NO;
				MTL_FAST_MATH = YES;
				SDKROOT = iphoneos;
				SWIFT_COMPILATION_MODE = wholemodule;
				SWIFT_OPTIMIZATION_LEVEL = "-O";
				VALIDATE_PRODUCT = YES;
			};
			name = Release;
		};
		41D8CDF123EA9FFC007CD9B8 /* Debug */ = {
			isa = XCBuildConfiguration;
			buildSettings = {
				ASSETCATALOG_COMPILER_APPICON_NAME = AppIcon;
				CODE_SIGN_STYLE = Automatic;
				DEVELOPMENT_TEAM = MEEVZF39DJ;
				INFOPLIST_FILE = RAMConcentration/Info.plist;
				LD_RUNPATH_SEARCH_PATHS = (
					"$(inherited)",
					"@executable_path/Frameworks",
				);
				PRODUCT_BUNDLE_IDENTIFIER = com.rambo.RAMConcentration;
				PRODUCT_NAME = "$(TARGET_NAME)";
				SWIFT_VERSION = 5.0;
				TARGETED_DEVICE_FAMILY = "1,2";
			};
			name = Debug;
		};
		41D8CDF223EA9FFC007CD9B8 /* Release */ = {
			isa = XCBuildConfiguration;
			buildSettings = {
				ASSETCATALOG_COMPILER_APPICON_NAME = AppIcon;
				CODE_SIGN_STYLE = Automatic;
				DEVELOPMENT_TEAM = MEEVZF39DJ;
				INFOPLIST_FILE = RAMConcentration/Info.plist;
				LD_RUNPATH_SEARCH_PATHS = (
					"$(inherited)",
					"@executable_path/Frameworks",
				);
				PRODUCT_BUNDLE_IDENTIFIER = com.rambo.RAMConcentration;
				PRODUCT_NAME = "$(TARGET_NAME)";
				SWIFT_VERSION = 5.0;
				TARGETED_DEVICE_FAMILY = "1,2";
			};
			name = Release;
		};
/* End XCBuildConfiguration section */

/* Begin XCConfigurationList section */
		41D8CDD723EA9FF8007CD9B8 /* Build configuration list for PBXProject "RAMConcentration" */ = {
			isa = XCConfigurationList;
			buildConfigurations = (
				41D8CDEE23EA9FFC007CD9B8 /* Debug */,
				41D8CDEF23EA9FFC007CD9B8 /* Release */,
			);
			defaultConfigurationIsVisible = 0;
			defaultConfigurationName = Release;
		};
		41D8CDF023EA9FFC007CD9B8 /* Build configuration list for PBXNativeTarget "RAMConcentration" */ = {
			isa = XCConfigurationList;
			buildConfigurations = (
				41D8CDF123EA9FFC007CD9B8 /* Debug */,
				41D8CDF223EA9FFC007CD9B8 /* Release */,
			);
			defaultConfigurationIsVisible = 0;
			defaultConfigurationName = Release;
		};
/* End XCConfigurationList section */
	};
	rootObject = 41D8CDD423EA9FF8007CD9B8 /* Project object */;
}
